
Microsoft Visual Studio Solution File, Format Version 12.00
# Visual Studio 15
VisualStudioVersion = 15.0.28307.489
MinimumVisualStudioVersion = 10.0.40219.1
Project("{FAE04EC0-301F-11D3-BF4B-00C04F79EFBC}") = "Business", "Business\Business.csproj", "{B2C1E19C-2D08-46CA-955A-9A832785693C}"
EndProject
Project("{FAE04EC0-301F-11D3-BF4B-00C04F79EFBC}") = "UI", "UI\UI.csproj", "{02462254-8C67-4C07-BA8C-0525F90A6C71}"
EndProject
Project("{FAE04EC0-301F-11D3-BF4B-00C04F79EFBC}") = "DatabaseTXT", "Database\DatabaseTXT.csproj", "{DCA11418-AD68-47F0-995D-A942D2F7FF5F}"
EndProject
Project("{FAE04EC0-301F-11D3-BF4B-00C04F79EFBC}") = "DatabaseSQL", "DatabaseSQL\DatabaseSQL.csproj", "{E5D5679A-09C0-4284-918C-2FD9F330FDC4}"
EndProject
Global
	GlobalSection(SolutionConfigurationPlatforms) = preSolution
		Debug|Any CPU = Debug|Any CPU
		Release|Any CPU = Release|Any CPU
	EndGlobalSection
	GlobalSection(ProjectConfigurationPlatforms) = postSolution
		{B2C1E19C-2D08-46CA-955A-9A832785693C}.Debug|Any CPU.ActiveCfg = Debug|Any CPU
		{B2C1E19C-2D08-46CA-955A-9A832785693C}.Debug|Any CPU.Build.0 = Debug|Any CPU
		{B2C1E19C-2D08-46CA-955A-9A832785693C}.Release|Any CPU.ActiveCfg = Release|Any CPU
		{B2C1E19C-2D08-46CA-955A-9A832785693C}.Release|Any CPU.Build.0 = Release|Any CPU
		{02462254-8C67-4C07-BA8C-0525F90A6C71}.Debug|Any CPU.ActiveCfg = Debug|Any CPU
		{02462254-8C67-4C07-BA8C-0525F90A6C71}.Debug|Any CPU.Build.0 = Debug|Any CPU
		{02462254-8C67-4C07-BA8C-0525F90A6C71}.Release|Any CPU.ActiveCfg = Release|Any CPU
		{02462254-8C67-4C07-BA8C-0525F90A6C71}.Release|Any CPU.Build.0 = Release|Any CPU
		{DCA11418-AD68-47F0-995D-A942D2F7FF5F}.Debug|Any CPU.ActiveCfg = Debug|Any CPU
		{DCA11418-AD68-47F0-995D-A942D2F7FF5F}.Debug|Any CPU.Build.0 = Debug|Any CPU
		{DCA11418-AD68-47F0-995D-A942D2F7FF5F}.Release|Any CPU.ActiveCfg = Release|Any CPU
		{DCA11418-AD68-47F0-995D-A942D2F7FF5F}.Release|Any CPU.Build.0 = Release|Any CPU
		{E5D5679A-09C0-4284-918C-2FD9F330FDC4}.Debug|Any CPU.ActiveCfg = Debug|Any CPU
		{E5D5679A-09C0-4284-918C-2FD9F330FDC4}.Debug|Any CPU.Build.0 = Debug|Any CPU
		{E5D5679A-09C0-4284-918C-2FD9F330FDC4}.Release|Any CPU.ActiveCfg = Release|Any CPU
		{E5D5679A-09C0-4284-918C-2FD9F330FDC4}.Release|Any CPU.Build.0 = Release|Any CPU
	EndGlobalSection
	GlobalSection(SolutionProperties) = preSolution
		HideSolutionNode = FALSE
	EndGlobalSection
	GlobalSection(ExtensibilityGlobals) = postSolution
		SolutionGuid = {59FCFE0F-AAA7-499A-8097-6AB2C7427A9F}
	EndGlobalSection
EndGlobal
